
Microsoft Visual Studio Solution File, Format Version 12.00
# Visual Studio Version 16
VisualStudioVersion = 16.0.31424.327
MinimumVisualStudioVersion = 10.0.40219.1
Project("{FAE04EC0-301F-11D3-BF4B-00C04F79EFBC}") = "QSharpTestProject", "QSharpTestProject\QSharpTestProject.csproj", "{B8BBB1D5-24C4-456C-884B-33FA07444139}"
EndProject
Global
	GlobalSection(SolutionConfigurationPlatforms) = preSolution
		Debug|Any CPU = Debug|Any CPU
		Release|Any CPU = Release|Any CPU
	EndGlobalSection
	GlobalSection(ProjectConfigurationPlatforms) = postSolution
		{B8BBB1D5-24C4-456C-884B-33FA07444139}.Debug|Any CPU.ActiveCfg = Debug|Any CPU
		{B8BBB1D5-24C4-456C-884B-33FA07444139}.Debug|Any CPU.Build.0 = Debug|Any CPU
		{B8BBB1D5-24C4-456C-884B-33FA07444139}.Release|Any CPU.ActiveCfg = Release|Any CPU
		{B8BBB1D5-24C4-456C-884B-33FA07444139}.Release|Any CPU.Build.0 = Release|Any CPU
	EndGlobalSection
	GlobalSection(SolutionProperties) = preSolution
		HideSolutionNode = FALSE
	EndGlobalSection
	GlobalSection(ExtensibilityGlobals) = postSolution
		SolutionGuid = {BF0C66F8-72B2-45B7-BE72-AF3175240753}
	EndGlobalSection
EndGlobal
